
Microsoft Visual Studio Solution File, Format Version 12.00
# Visual Studio 15
VisualStudioVersion = 15.0.28307.102
MinimumVisualStudioVersion = 10.0.40219.1
Project("{FAE04EC0-301F-11D3-BF4B-00C04F79EFBC}") = "Algorithms", "Algorithms\Algorithms.csproj", "{C4B54010-5958-46A8-AAC5-133FB92D3CA6}"
EndProject
Global
	GlobalSection(SolutionConfigurationPlatforms) = preSolution
		Debug|Any CPU = Debug|Any CPU
		Release|Any CPU = Release|Any CPU
	EndGlobalSection
	GlobalSection(ProjectConfigurationPlatforms) = postSolution
		{C4B54010-5958-46A8-AAC5-133FB92D3CA6}.Debug|Any CPU.ActiveCfg = Debug|Any CPU
		{C4B54010-5958-46A8-AAC5-133FB92D3CA6}.Debug|Any CPU.Build.0 = Debug|Any CPU
		{C4B54010-5958-46A8-AAC5-133FB92D3CA6}.Release|Any CPU.ActiveCfg = Release|Any CPU
		{C4B54010-5958-46A8-AAC5-133FB92D3CA6}.Release|Any CPU.Build.0 = Release|Any CPU
	EndGlobalSection
	GlobalSection(SolutionProperties) = preSolution
		HideSolutionNode = FALSE
	EndGlobalSection
	GlobalSection(ExtensibilityGlobals) = postSolution
		SolutionGuid = {6674F9C2-66F4-4F80-B203-0C4F44E7253F}
	EndGlobalSection
	GlobalSection(TeamFoundationVersionControl) = preSolution
		SccNumberOfProjects = 2
		SccEnterpriseProvider = {4CA58AB2-18FA-4F8D-95D4-32DDF27D184C}
		SccTeamFoundationServer = http://sqlgate-1:8082/tfs/softwareengineering
		SccLocalPath0 = .
		SccProjectUniqueName1 = Algorithms\\Algorithms.csproj
		SccProjectName1 = Algorithms
		SccLocalPath1 = Algorithms
	EndGlobalSection
EndGlobal
